
Microsoft Visual Studio Solution File, Format Version 12.00
# Visual Studio Version 17
VisualStudioVersion = 17.0.31903.59
MinimumVisualStudioVersion = 10.0.40219.1
Project("{FAE04EC0-301F-11D3-BF4B-00C04F79EFBC}") = "ObserverDemo", "ObserverDemo\ObserverDemo.csproj", "{9CE9622E-EFA6-4314-B259-9F6BED0F19E1}"
EndProject
Project("{FAE04EC0-301F-11D3-BF4B-00C04F79EFBC}") = "LambdaDemo", "LambdaDemo\LambdaDemo.csproj", "{3C5A8175-7680-46AB-99F6-4ADF0EA58671}"
EndProject
Project("{FAE04EC0-301F-11D3-BF4B-00C04F79EFBC}") = "DataPipeDemo", "DataPipeDemo\DataPipeDemo.csproj", "{CE54E1E9-88C4-4EB2-AEAE-6A0D59A810CD}"
EndProject
Project("{FAE04EC0-301F-11D3-BF4B-00C04F79EFBC}") = "AsyncDemo", "AsyncDemo\AsyncDemo.csproj", "{26D3D3E7-FD8D-46B6-9B57-71E55A7632DB}"
EndProject
Project("{FAE04EC0-301F-11D3-BF4B-00C04F79EFBC}") = "LINQDemo", "LINQDemo\LINQDemo.csproj", "{966DD59B-47B1-4435-B8E9-3D72F16FEBBD}"
EndProject
Project("{FAE04EC0-301F-11D3-BF4B-00C04F79EFBC}") = "DIDemo", "DIDemo\DIDemo.csproj", "{0BBACDD4-1DAF-4CB7-838B-A288EE0A1A1C}"
EndProject
Project("{FAE04EC0-301F-11D3-BF4B-00C04F79EFBC}") = "CallbackDemo", "CallbackDemo\CallbackDemo.csproj", "{07AEE594-6B23-4756-AC93-B3CFBAD27ECA}"
EndProject
Project("{FAE04EC0-301F-11D3-BF4B-00C04F79EFBC}") = "NamespaceDemo", "NamespaceDemo\NamespaceDemo.csproj", "{A4DB9FD2-783F-4511-A037-AFD56D367774}"
EndProject
Global
	GlobalSection(SolutionConfigurationPlatforms) = preSolution
		Debug|Any CPU = Debug|Any CPU
		Debug|x64 = Debug|x64
		Debug|x86 = Debug|x86
		Release|Any CPU = Release|Any CPU
		Release|x64 = Release|x64
		Release|x86 = Release|x86
	EndGlobalSection
	GlobalSection(ProjectConfigurationPlatforms) = postSolution
		{9CE9622E-EFA6-4314-B259-9F6BED0F19E1}.Debug|Any CPU.ActiveCfg = Debug|Any CPU
		{9CE9622E-EFA6-4314-B259-9F6BED0F19E1}.Debug|Any CPU.Build.0 = Debug|Any CPU
		{9CE9622E-EFA6-4314-B259-9F6BED0F19E1}.Debug|x64.ActiveCfg = Debug|Any CPU
		{9CE9622E-EFA6-4314-B259-9F6BED0F19E1}.Debug|x64.Build.0 = Debug|Any CPU
		{9CE9622E-EFA6-4314-B259-9F6BED0F19E1}.Debug|x86.ActiveCfg = Debug|Any CPU
		{9CE9622E-EFA6-4314-B259-9F6BED0F19E1}.Debug|x86.Build.0 = Debug|Any CPU
		{9CE9622E-EFA6-4314-B259-9F6BED0F19E1}.Release|Any CPU.ActiveCfg = Release|Any CPU
		{9CE9622E-EFA6-4314-B259-9F6BED0F19E1}.Release|Any CPU.Build.0 = Release|Any CPU
		{9CE9622E-EFA6-4314-B259-9F6BED0F19E1}.Release|x64.ActiveCfg = Release|Any CPU
		{9CE9622E-EFA6-4314-B259-9F6BED0F19E1}.Release|x64.Build.0 = Release|Any CPU
		{9CE9622E-EFA6-4314-B259-9F6BED0F19E1}.Release|x86.ActiveCfg = Release|Any CPU
		{9CE9622E-EFA6-4314-B259-9F6BED0F19E1}.Release|x86.Build.0 = Release|Any CPU
		{3C5A8175-7680-46AB-99F6-4ADF0EA58671}.Debug|Any CPU.ActiveCfg = Debug|Any CPU
		{3C5A8175-7680-46AB-99F6-4ADF0EA58671}.Debug|Any CPU.Build.0 = Debug|Any CPU
		{3C5A8175-7680-46AB-99F6-4ADF0EA58671}.Debug|x64.ActiveCfg = Debug|Any CPU
		{3C5A8175-7680-46AB-99F6-4ADF0EA58671}.Debug|x64.Build.0 = Debug|Any CPU
		{3C5A8175-7680-46AB-99F6-4ADF0EA58671}.Debug|x86.ActiveCfg = Debug|Any CPU
		{3C5A8175-7680-46AB-99F6-4ADF0EA58671}.Debug|x86.Build.0 = Debug|Any CPU
		{3C5A8175-7680-46AB-99F6-4ADF0EA58671}.Release|Any CPU.ActiveCfg = Release|Any CPU
		{3C5A8175-7680-46AB-99F6-4ADF0EA58671}.Release|Any CPU.Build.0 = Release|Any CPU
		{3C5A8175-7680-46AB-99F6-4ADF0EA58671}.Release|x64.ActiveCfg = Release|Any CPU
		{3C5A8175-7680-46AB-99F6-4ADF0EA58671}.Release|x64.Build.0 = Release|Any CPU
		{3C5A8175-7680-46AB-99F6-4ADF0EA58671}.Release|x86.ActiveCfg = Release|Any CPU
		{3C5A8175-7680-46AB-99F6-4ADF0EA58671}.Release|x86.Build.0 = Release|Any CPU
		{CE54E1E9-88C4-4EB2-AEAE-6A0D59A810CD}.Debug|Any CPU.ActiveCfg = Debug|Any CPU
		{CE54E1E9-88C4-4EB2-AEAE-6A0D59A810CD}.Debug|Any CPU.Build.0 = Debug|Any CPU
		{CE54E1E9-88C4-4EB2-AEAE-6A0D59A810CD}.Debug|x64.ActiveCfg = Debug|Any CPU
		{CE54E1E9-88C4-4EB2-AEAE-6A0D59A810CD}.Debug|x64.Build.0 = Debug|Any CPU
		{CE54E1E9-88C4-4EB2-AEAE-6A0D59A810CD}.Debug|x86.ActiveCfg = Debug|Any CPU
		{CE54E1E9-88C4-4EB2-AEAE-6A0D59A810CD}.Debug|x86.Build.0 = Debug|Any CPU
		{CE54E1E9-88C4-4EB2-AEAE-6A0D59A810CD}.Release|Any CPU.ActiveCfg = Release|Any CPU
		{CE54E1E9-88C4-4EB2-AEAE-6A0D59A810CD}.Release|Any CPU.Build.0 = Release|Any CPU
		{CE54E1E9-88C4-4EB2-AEAE-6A0D59A810CD}.Release|x64.ActiveCfg = Release|Any CPU
		{CE54E1E9-88C4-4EB2-AEAE-6A0D59A810CD}.Release|x64.Build.0 = Release|Any CPU
		{CE54E1E9-88C4-4EB2-AEAE-6A0D59A810CD}.Release|x86.ActiveCfg = Release|Any CPU
		{CE54E1E9-88C4-4EB2-AEAE-6A0D59A810CD}.Release|x86.Build.0 = Release|Any CPU
		{26D3D3E7-FD8D-46B6-9B57-71E55A7632DB}.Debug|Any CPU.ActiveCfg = Debug|Any CPU
		{26D3D3E7-FD8D-46B6-9B57-71E55A7632DB}.Debug|Any CPU.Build.0 = Debug|Any CPU
		{26D3D3E7-FD8D-46B6-9B57-71E55A7632DB}.Debug|x64.ActiveCfg = Debug|Any CPU
		{26D3D3E7-FD8D-46B6-9B57-71E55A7632DB}.Debug|x64.Build.0 = Debug|Any CPU
		{26D3D3E7-FD8D-46B6-9B57-71E55A7632DB}.Debug|x86.ActiveCfg = Debug|Any CPU
		{26D3D3E7-FD8D-46B6-9B57-71E55A7632DB}.Debug|x86.Build.0 = Debug|Any CPU
		{26D3D3E7-FD8D-46B6-9B57-71E55A7632DB}.Release|Any CPU.ActiveCfg = Release|Any CPU
		{26D3D3E7-FD8D-46B6-9B57-71E55A7632DB}.Release|Any CPU.Build.0 = Release|Any CPU
		{26D3D3E7-FD8D-46B6-9B57-71E55A7632DB}.Release|x64.ActiveCfg = Release|Any CPU
		{26D3D3E7-FD8D-46B6-9B57-71E55A7632DB}.Release|x64.Build.0 = Release|Any CPU
		{26D3D3E7-FD8D-46B6-9B57-71E55A7632DB}.Release|x86.ActiveCfg = Release|Any CPU
		{26D3D3E7-FD8D-46B6-9B57-71E55A7632DB}.Release|x86.Build.0 = Release|Any CPU
		{966DD59B-47B1-4435-B8E9-3D72F16FEBBD}.Debug|Any CPU.ActiveCfg = Debug|Any CPU
		{966DD59B-47B1-4435-B8E9-3D72F16FEBBD}.Debug|Any CPU.Build.0 = Debug|Any CPU
		{966DD59B-47B1-4435-B8E9-3D72F16FEBBD}.Debug|x64.ActiveCfg = Debug|Any CPU
		{966DD59B-47B1-4435-B8E9-3D72F16FEBBD}.Debug|x64.Build.0 = Debug|Any CPU
		{966DD59B-47B1-4435-B8E9-3D72F16FEBBD}.Debug|x86.ActiveCfg = Debug|Any CPU
		{966DD59B-47B1-4435-B8E9-3D72F16FEBBD}.Debug|x86.Build.0 = Debug|Any CPU
		{966DD59B-47B1-4435-B8E9-3D72F16FEBBD}.Release|Any CPU.ActiveCfg = Release|Any CPU
		{966DD59B-47B1-4435-B8E9-3D72F16FEBBD}.Release|Any CPU.Build.0 = Release|Any CPU
		{966DD59B-47B1-4435-B8E9-3D72F16FEBBD}.Release|x64.ActiveCfg = Release|Any CPU
		{966DD59B-47B1-4435-B8E9-3D72F16FEBBD}.Release|x64.Build.0 = Release|Any CPU
		{966DD59B-47B1-4435-B8E9-3D72F16FEBBD}.Release|x86.ActiveCfg = Release|Any CPU
		{966DD59B-47B1-4435-B8E9-3D72F16FEBBD}.Release|x86.Build.0 = Release|Any CPU
		{0BBACDD4-1DAF-4CB7-838B-A288EE0A1A1C}.Debug|Any CPU.ActiveCfg = Debug|Any CPU
		{0BBACDD4-1DAF-4CB7-838B-A288EE0A1A1C}.Debug|Any CPU.Build.0 = Debug|Any CPU
		{0BBACDD4-1DAF-4CB7-838B-A288EE0A1A1C}.Debug|x64.ActiveCfg = Debug|Any CPU
		{0BBACDD4-1DAF-4CB7-838B-A288EE0A1A1C}.Debug|x64.Build.0 = Debug|Any CPU
		{0BBACDD4-1DAF-4CB7-838B-A288EE0A1A1C}.Debug|x86.ActiveCfg = Debug|Any CPU
		{0BBACDD4-1DAF-4CB7-838B-A288EE0A1A1C}.Debug|x86.Build.0 = Debug|Any CPU
		{0BBACDD4-1DAF-4CB7-838B-A288EE0A1A1C}.Release|Any CPU.ActiveCfg = Release|Any CPU
		{0BBACDD4-1DAF-4CB7-838B-A288EE0A1A1C}.Release|Any CPU.Build.0 = Release|Any CPU
		{0BBACDD4-1DAF-4CB7-838B-A288EE0A1A1C}.Release|x64.ActiveCfg = Release|Any CPU
		{0BBACDD4-1DAF-4CB7-838B-A288EE0A1A1C}.Release|x64.Build.0 = Release|Any CPU
		{0BBACDD4-1DAF-4CB7-838B-A288EE0A1A1C}.Release|x86.ActiveCfg = Release|Any CPU
		{0BBACDD4-1DAF-4CB7-838B-A288EE0A1A1C}.Release|x86.Build.0 = Release|Any CPU
		{07AEE594-6B23-4756-AC93-B3CFBAD27ECA}.Debug|Any CPU.ActiveCfg = Debug|Any CPU
		{07AEE594-6B23-4756-AC93-B3CFBAD27ECA}.Debug|Any CPU.Build.0 = Debug|Any CPU
		{07AEE594-6B23-4756-AC93-B3CFBAD27ECA}.Debug|x64.ActiveCfg = Debug|Any CPU
		{07AEE594-6B23-4756-AC93-B3CFBAD27ECA}.Debug|x64.Build.0 = Debug|Any CPU
		{07AEE594-6B23-4756-AC93-B3CFBAD27ECA}.Debug|x86.ActiveCfg = Debug|Any CPU
		{07AEE594-6B23-4756-AC93-B3CFBAD27ECA}.Debug|x86.Build.0 = Debug|Any CPU
		{07AEE594-6B23-4756-AC93-B3CFBAD27ECA}.Release|Any CPU.ActiveCfg = Release|Any CPU
		{07AEE594-6B23-4756-AC93-B3CFBAD27ECA}.Release|Any CPU.Build.0 = Release|Any CPU
		{07AEE594-6B23-4756-AC93-B3CFBAD27ECA}.Release|x64.ActiveCfg = Release|Any CPU
		{07AEE594-6B23-4756-AC93-B3CFBAD27ECA}.Release|x64.Build.0 = Release|Any CPU
		{07AEE594-6B23-4756-AC93-B3CFBAD27ECA}.Release|x86.ActiveCfg = Release|Any CPU
		{07AEE594-6B23-4756-AC93-B3CFBAD27ECA}.Release|x86.Build.0 = Release|Any CPU
		{A4DB9FD2-783F-4511-A037-AFD56D367774}.Debug|Any CPU.ActiveCfg = Debug|Any CPU
		{A4DB9FD2-783F-4511-A037-AFD56D367774}.Debug|Any CPU.Build.0 = Debug|Any CPU
		{A4DB9FD2-783F-4511-A037-AFD56D367774}.Debug|x64.ActiveCfg = Debug|Any CPU
		{A4DB9FD2-783F-4511-A037-AFD56D367774}.Debug|x64.Build.0 = Debug|Any CPU
		{A4DB9FD2-783F-4511-A037-AFD56D367774}.Debug|x86.ActiveCfg = Debug|Any CPU
		{A4DB9FD2-783F-4511-A037-AFD56D367774}.Debug|x86.Build.0 = Debug|Any CPU
		{A4DB9FD2-783F-4511-A037-AFD56D367774}.Release|Any CPU.ActiveCfg = Release|Any CPU
		{A4DB9FD2-783F-4511-A037-AFD56D367774}.Release|Any CPU.Build.0 = Release|Any CPU
		{A4DB9FD2-783F-4511-A037-AFD56D367774}.Release|x64.ActiveCfg = Release|Any CPU
		{A4DB9FD2-783F-4511-A037-AFD56D367774}.Release|x64.Build.0 = Release|Any CPU
		{A4DB9FD2-783F-4511-A037-AFD56D367774}.Release|x86.ActiveCfg = Release|Any CPU
		{A4DB9FD2-783F-4511-A037-AFD56D367774}.Release|x86.Build.0 = Release|Any CPU
	EndGlobalSection
	GlobalSection(SolutionProperties) = preSolution
		HideSolutionNode = FALSE
	EndGlobalSection
EndGlobal
